{
  "name": "coderPro",
  "lockfileVersion": 2,
  "requires": true,
  "packages": {
    "": {
      "dependencies": {
        "@fortawesome/fontawesome-pro": "^6.2.1",
        "slick-carousel": "^1.8.1"
      }
    },
    "node_modules/@fortawesome/fontawesome-pro": {
      "version": "6.2.1",
      "resolved": "https://npm.fontawesome.com/@fortawesome/fontawesome-pro/-/6.2.1/fontawesome-pro-6.2.1.tgz",
      "integrity": "sha512-dHk7iiCf5MCmoUvmrYzfN/I3gebpgpA1oqlOffgOThnsaAR4kpaQ5YMTdkdG99Of1hnN0Bok6R+HE28zXb3SOg==",
      "engines": {
        "node": ">=6"
      }
    },
    "node_modules/jquery": {
      "version": "3.5.1",
      "resolved": "https://registry.npmjs.org/jquery/-/jquery-3.5.1.tgz",
      "integrity": "sha512-XwIBPqcMn57FxfT+Go5pzySnm4KWkT1Tv7gjrpT1srtf8Weynl6R273VJ5GjkRb51IzMp5nbaPjJXMWeju2MKg==",
      "peer": true
    },
    "node_modules/slick-carousel": {
      "version": "1.8.1",
      "resolved": "https://registry.npmjs.org/slick-carousel/-/slick-carousel-1.8.1.tgz",
      "integrity": "sha512-XB9Ftrf2EEKfzoQXt3Nitrt/IPbT+f1fgqBdoxO3W/+JYvtEOW6EgxnWfr9GH6nmULv7Y2tPmEX3koxThVmebA==",
      "peerDependencies": {
        "jquery": ">=1.8.0"
      }
    }
  },
  "dependencies": {
    "@fortawesome/fontawesome-pro": {
      "version": "6.2.1",
      "resolved": "https://npm.fontawesome.com/@fortawesome/fontawesome-pro/-/6.2.1/fontawesome-pro-6.2.1.tgz",
      "integrity": "sha512-dHk7iiCf5MCmoUvmrYzfN/I3gebpgpA1oqlOffgOThnsaAR4kpaQ5YMTdkdG99Of1hnN0Bok6R+HE28zXb3SOg=="
    },
    "jquery": {
      "version": "3.5.1",
      "resolved": "https://registry.npmjs.org/jquery/-/jquery-3.5.1.tgz",
      "integrity": "sha512-XwIBPqcMn57FxfT+Go5pzySnm4KWkT1Tv7gjrpT1srtf8Weynl6R273VJ5GjkRb51IzMp5nbaPjJXMWeju2MKg==",
      "peer": true
    },
    "slick-carousel": {
      "version": "1.8.1",
      "resolved": "https://registry.npmjs.org/slick-carousel/-/slick-carousel-1.8.1.tgz",
      "integrity": "sha512-XB9Ftrf2EEKfzoQXt3Nitrt/IPbT+f1fgqBdoxO3W/+JYvtEOW6EgxnWfr9GH6nmULv7Y2tPmEX3koxThVmebA==",
      "requires": {}
    }
  }
}
